Microsoft Visual Studio Solution File, Format Version 12.00
# Visual Studio 15
VisualStudioVersion = 15.0.28010.2016
MinimumVisualStudioVersion = 10.0.40219.1
Project("{9A19103F-16F7-4668-BE54-9A1E7A4F7556}") = "e-sharp-minor", "e-sharp-minor.csproj", "{39CC7D9E-F86D-45EE-8A91-9E7FBDE129CE}"
EndProject
Global
	GlobalSection(SolutionConfigurationPlatforms) = preSolution
		Debug|Any CPU = Debug|Any CPU
		Debug|x86 = Debug|x86
		osx-debug|Any CPU = osx-debug|Any CPU
		osx-debug|x86 = osx-debug|x86
		pi-debug|Any CPU = pi-debug|Any CPU
		pi-debug|x86 = pi-debug|x86
		Release|Any CPU = Release|Any CPU
		Release|x86 = Release|x86
	EndGlobalSection
	GlobalSection(ProjectConfigurationPlatforms) = postSolution
		{39CC7D9E-F86D-45EE-8A91-9E7FBDE129CE}.Debug|Any CPU.ActiveCfg = Debug|Any CPU
		{39CC7D9E-F86D-45EE-8A91-9E7FBDE129CE}.Debug|Any CPU.Build.0 = Debug|Any CPU
		{39CC7D9E-F86D-45EE-8A91-9E7FBDE129CE}.Debug|x86.ActiveCfg = Debug|x86
		{39CC7D9E-F86D-45EE-8A91-9E7FBDE129CE}.Debug|x86.Build.0 = Debug|x86
		{39CC7D9E-F86D-45EE-8A91-9E7FBDE129CE}.osx-debug|Any CPU.ActiveCfg = Release|Any CPU
		{39CC7D9E-F86D-45EE-8A91-9E7FBDE129CE}.osx-debug|Any CPU.Build.0 = Release|Any CPU
		{39CC7D9E-F86D-45EE-8A91-9E7FBDE129CE}.osx-debug|x86.ActiveCfg = Release|x86
		{39CC7D9E-F86D-45EE-8A91-9E7FBDE129CE}.osx-debug|x86.Build.0 = Release|x86
		{39CC7D9E-F86D-45EE-8A91-9E7FBDE129CE}.pi-debug|Any CPU.ActiveCfg = Release|Any CPU
		{39CC7D9E-F86D-45EE-8A91-9E7FBDE129CE}.pi-debug|Any CPU.Build.0 = Release|Any CPU
		{39CC7D9E-F86D-45EE-8A91-9E7FBDE129CE}.pi-debug|x86.ActiveCfg = Release|x86
		{39CC7D9E-F86D-45EE-8A91-9E7FBDE129CE}.pi-debug|x86.Build.0 = Release|x86
		{39CC7D9E-F86D-45EE-8A91-9E7FBDE129CE}.Release|Any CPU.ActiveCfg = Release|Any CPU
		{39CC7D9E-F86D-45EE-8A91-9E7FBDE129CE}.Release|Any CPU.Build.0 = Release|Any CPU
		{39CC7D9E-F86D-45EE-8A91-9E7FBDE129CE}.Release|x86.ActiveCfg = Release|x86
		{39CC7D9E-F86D-45EE-8A91-9E7FBDE129CE}.Release|x86.Build.0 = Release|x86
	EndGlobalSection
	GlobalSection(SolutionProperties) = preSolution
		HideSolutionNode = FALSE
	EndGlobalSection
	GlobalSection(ExtensibilityGlobals) = postSolution
		SolutionGuid = {9D003952-84CB-4B4B-9FB8-7B3FBBA6E972}
	EndGlobalSection
EndGlobal
