Microsoft Visual Studio Solution File, Format Version 12.00
# Visual Studio 15
VisualStudioVersion = 15.0.28010.2016
MinimumVisualStudioVersion = 10.0.40219.1
Project("{FAE04EC0-301F-11D3-BF4B-00C04F79EFBC}") = "e-sharp-minor", "e-sharp-minor.csproj", "{39CC7D9E-F86D-45EE-8A91-9E7FBDE129CE}"
EndProject
Project("{FAE04EC0-301F-11D3-BF4B-00C04F79EFBC}") = "NOpenType", "..\NOpenType\NOpenType.csproj", "{3CB962BE-429A-4E7F-92A5-5986BB0E1AA5}"
EndProject
Global
	GlobalSection(SolutionConfigurationPlatforms) = preSolution
		Debug|Any CPU = Debug|Any CPU
		pi-debug|Any CPU = pi-debug|Any CPU
		pi-release|Any CPU = pi-release|Any CPU
		Release|Any CPU = Release|Any CPU
	EndGlobalSection
	GlobalSection(ProjectConfigurationPlatforms) = postSolution
		{39CC7D9E-F86D-45EE-8A91-9E7FBDE129CE}.Debug|Any CPU.ActiveCfg = Debug|Any CPU
		{39CC7D9E-F86D-45EE-8A91-9E7FBDE129CE}.Debug|Any CPU.Build.0 = Debug|Any CPU
		{39CC7D9E-F86D-45EE-8A91-9E7FBDE129CE}.pi-debug|Any CPU.ActiveCfg = pi-debug|Any CPU
		{39CC7D9E-F86D-45EE-8A91-9E7FBDE129CE}.pi-debug|Any CPU.Build.0 = pi-debug|Any CPU
		{39CC7D9E-F86D-45EE-8A91-9E7FBDE129CE}.pi-release|Any CPU.ActiveCfg = pi-release|Any CPU
		{39CC7D9E-F86D-45EE-8A91-9E7FBDE129CE}.pi-release|Any CPU.Build.0 = pi-release|Any CPU
		{39CC7D9E-F86D-45EE-8A91-9E7FBDE129CE}.Release|Any CPU.ActiveCfg = Release|Any CPU
		{39CC7D9E-F86D-45EE-8A91-9E7FBDE129CE}.Release|Any CPU.Build.0 = Release|Any CPU
		{3CB962BE-429A-4E7F-92A5-5986BB0E1AA5}.Debug|Any CPU.ActiveCfg = Debug|Any CPU
		{3CB962BE-429A-4E7F-92A5-5986BB0E1AA5}.Debug|Any CPU.Build.0 = Debug|Any CPU
		{3CB962BE-429A-4E7F-92A5-5986BB0E1AA5}.pi-debug|Any CPU.ActiveCfg = Debug|Any CPU
		{3CB962BE-429A-4E7F-92A5-5986BB0E1AA5}.pi-debug|Any CPU.Build.0 = Debug|Any CPU
		{3CB962BE-429A-4E7F-92A5-5986BB0E1AA5}.pi-release|Any CPU.ActiveCfg = Release|Any CPU
		{3CB962BE-429A-4E7F-92A5-5986BB0E1AA5}.pi-release|Any CPU.Build.0 = Release|Any CPU
		{3CB962BE-429A-4E7F-92A5-5986BB0E1AA5}.Release|Any CPU.ActiveCfg = Release|Any CPU
		{3CB962BE-429A-4E7F-92A5-5986BB0E1AA5}.Release|Any CPU.Build.0 = Release|Any CPU
	EndGlobalSection
	GlobalSection(SolutionProperties) = preSolution
		HideSolutionNode = FALSE
	EndGlobalSection
	GlobalSection(ExtensibilityGlobals) = postSolution
		SolutionGuid = {9D003952-84CB-4B4B-9FB8-7B3FBBA6E972}
	EndGlobalSection
EndGlobal
